// !$*UTF8*$!
{
	archiveVersion = 1;
	classes = {
	};
	objectVersion = 48;
	objects = {

/* Begin PBXBuildFile section */
		9927865A1FB2031B0065C3C0 /* AppDelegate.swift in Sources */ = {isa = PBXBuildFile; fileRef = 992786591FB2031B0065C3C0 /* AppDelegate.swift */; };
		992786611FB2031B0065C3C0 /* Assets.xcassets in Resources */ = {isa = PBXBuildFile; fileRef = 992786601FB2031B0065C3C0 /* Assets.xcassets */; };
		992786641FB2031B0065C3C0 /* LaunchScreen.storyboard in Resources */ = {isa = PBXBuildFile; fileRef = 992786621FB2031B0065C3C0 /* LaunchScreen.storyboard */; };
		9927866C1FB2032E0065C3C0 /* Solution1.swift in Sources */ = {isa = PBXBuildFile; fileRef = 9927866B1FB2032E0065C3C0 /* Solution1.swift */; };
		99861C061FB49CD70000E9F7 /* Solution6.swift in Sources */ = {isa = PBXBuildFile; fileRef = 99861C051FB49CD70000E9F7 /* Solution6.swift */; };
		99861C081FB4A2800000E9F7 /* Solution7.swift in Sources */ = {isa = PBXBuildFile; fileRef = 99861C071FB4A2800000E9F7 /* Solution7.swift */; };
		99B6AE9F1FB2FB9C00A65F89 /* Solution4.swift in Sources */ = {isa = PBXBuildFile; fileRef = 99B6AE9E1FB2FB9C00A65F89 /* Solution4.swift */; };
		99CA63071FB4994E005EA065 /* Solution5.swift in Sources */ = {isa = PBXBuildFile; fileRef = 99CA63061FB4994E005EA065 /* Solution5.swift */; };
		99DD05EB1FB2068D008AA910 /* Solution2.swift in Sources */ = {isa = PBXBuildFile; fileRef = 99DD05EA1FB2068D008AA910 /* Solution2.swift */; };
		99DD05ED1FB20B70008AA910 /* Solution3.swift in Sources */ = {isa = PBXBuildFile; fileRef = 99DD05EC1FB20B70008AA910 /* Solution3.swift */; };
/* End PBXBuildFile section */

/* Begin PBXFileReference section */
		992786561FB2031B0065C3C0 /* ProjectEuler.app */ = {isa = PBXFileReference; explicitFileType = wrapper.application; includeInIndex = 0; path = ProjectEuler.app; sourceTree = BUILT_PRODUCTS_DIR; };
		992786591FB2031B0065C3C0 /* AppDelegate.swift */ = {isa = PBXFileReference; lastKnownFileType = sourcecode.swift; path = AppDelegate.swift; sourceTree = "<group>"; };
		992786601FB2031B0065C3C0 /* Assets.xcassets */ = {isa = PBXFileReference; lastKnownFileType = folder.assetcatalog; path = Assets.xcassets; sourceTree = "<group>"; };
		992786631FB2031B0065C3C0 /* Base */ = {isa = PBXFileReference; lastKnownFileType = file.storyboard; name = Base; path = Base.lproj/LaunchScreen.storyboard; sourceTree = "<group>"; };
		992786651FB2031B0065C3C0 /* Info.plist */ = {isa = PBXFileReference; lastKnownFileType = text.plist.xml; path = Info.plist; sourceTree = "<group>"; };
		9927866B1FB2032E0065C3C0 /* Solution1.swift */ = {isa = PBXFileReference; lastKnownFileType = sourcecode.swift; path = Solution1.swift; sourceTree = "<group>"; };
		99861C051FB49CD70000E9F7 /* Solution6.swift */ = {isa = PBXFileReference; lastKnownFileType = sourcecode.swift; path = Solution6.swift; sourceTree = "<group>"; };
		99861C071FB4A2800000E9F7 /* Solution7.swift */ = {isa = PBXFileReference; lastKnownFileType = sourcecode.swift; path = Solution7.swift; sourceTree = "<group>"; };
		99B6AE9E1FB2FB9C00A65F89 /* Solution4.swift */ = {isa = PBXFileReference; lastKnownFileType = sourcecode.swift; path = Solution4.swift; sourceTree = "<group>"; };
		99CA63061FB4994E005EA065 /* Solution5.swift */ = {isa = PBXFileReference; lastKnownFileType = sourcecode.swift; path = Solution5.swift; sourceTree = "<group>"; };
		99DD05EA1FB2068D008AA910 /* Solution2.swift */ = {isa = PBXFileReference; lastKnownFileType = sourcecode.swift; path = Solution2.swift; sourceTree = "<group>"; };
		99DD05EC1FB20B70008AA910 /* Solution3.swift */ = {isa = PBXFileReference; lastKnownFileType = sourcecode.swift; path = Solution3.swift; sourceTree = "<group>"; };
/* End PBXFileReference section */

/* Begin PBXFrameworksBuildPhase section */
		992786531FB2031B0065C3C0 /* Frameworks */ = {
			isa = PBXFrameworksBuildPhase;
			buildActionMask = 2147483647;
			files = (
			);
			runOnlyForDeploymentPostprocessing = 0;
		};
/* End PBXFrameworksBuildPhase section */

/* Begin PBXGroup section */
		9927864D1FB2031B0065C3C0 = {
			isa = PBXGroup;
			children = (
				992786581FB2031B0065C3C0 /* ProjectEuler */,
				992786571FB2031B0065C3C0 /* Products */,
			);
			sourceTree = "<group>";
		};
		992786571FB2031B0065C3C0 /* Products */ = {
			isa = PBXGroup;
			children = (
				992786561FB2031B0065C3C0 /* ProjectEuler.app */,
			);
			name = Products;
			sourceTree = "<group>";
		};
		992786581FB2031B0065C3C0 /* ProjectEuler */ = {
			isa = PBXGroup;
			children = (
				992786591FB2031B0065C3C0 /* AppDelegate.swift */,
				9927866B1FB2032E0065C3C0 /* Solution1.swift */,
				99DD05EA1FB2068D008AA910 /* Solution2.swift */,
				99DD05EC1FB20B70008AA910 /* Solution3.swift */,
				99B6AE9E1FB2FB9C00A65F89 /* Solution4.swift */,
				99CA63061FB4994E005EA065 /* Solution5.swift */,
				99861C051FB49CD70000E9F7 /* Solution6.swift */,
				99861C071FB4A2800000E9F7 /* Solution7.swift */,
				992786601FB2031B0065C3C0 /* Assets.xcassets */,
				992786621FB2031B0065C3C0 /* LaunchScreen.storyboard */,
				992786651FB2031B0065C3C0 /* Info.plist */,
			);
			path = ProjectEuler;
			sourceTree = "<group>";
		};
/* End PBXGroup section */

/* Begin PBXNativeTarget section */
		992786551FB2031B0065C3C0 /* ProjectEuler */ = {
			isa = PBXNativeTarget;
			buildConfigurationList = 992786681FB2031B0065C3C0 /* Build configuration list for PBXNativeTarget "ProjectEuler" */;
			buildPhases = (
				992786521FB2031B0065C3C0 /* Sources */,
				992786531FB2031B0065C3C0 /* Frameworks */,
				992786541FB2031B0065C3C0 /* Resources */,
			);
			buildRules = (
			);
			dependencies = (
			);
			name = ProjectEuler;
			productName = ProjectEuler;
			productReference = 992786561FB2031B0065C3C0 /* ProjectEuler.app */;
			productType = "com.apple.product-type.application";
		};
/* End PBXNativeTarget section */

/* Begin PBXProject section */
		9927864E1FB2031B0065C3C0 /* Project object */ = {
			isa = PBXProject;
			attributes = {
				LastSwiftUpdateCheck = 0900;
				LastUpgradeCheck = 0900;
				ORGANIZATIONNAME = sachadso;
				TargetAttributes = {
					992786551FB2031B0065C3C0 = {
						CreatedOnToolsVersion = 9.0;
						ProvisioningStyle = Automatic;
					};
				};
			};
			buildConfigurationList = 992786511FB2031B0065C3C0 /* Build configuration list for PBXProject "ProjectEuler" */;
			compatibilityVersion = "Xcode 8.0";
			developmentRegion = en;
			hasScannedForEncodings = 0;
			knownRegions = (
				en,
				Base,
			);
			mainGroup = 9927864D1FB2031B0065C3C0;
			productRefGroup = 992786571FB2031B0065C3C0 /* Products */;
			projectDirPath = "";
			projectRoot = "";
			targets = (
				992786551FB2031B0065C3C0 /* ProjectEuler */,
			);
		};
/* End PBXProject section */

/* Begin PBXResourcesBuildPhase section */
		992786541FB2031B0065C3C0 /* Resources */ = {
			isa = PBXResourcesBuildPhase;
			buildActionMask = 2147483647;
			files = (
				992786641FB2031B0065C3C0 /* LaunchScreen.storyboard in Resources */,
				992786611FB2031B0065C3C0 /* Assets.xcassets in Resources */,
			);
			runOnlyForDeploymentPostprocessing = 0;
		};
/* End PBXResourcesBuildPhase section */

/* Begin PBXSourcesBuildPhase section */
		992786521FB2031B0065C3C0 /* Sources */ = {
			isa = PBXSourcesBuildPhase;
			buildActionMask = 2147483647;
			files = (
				99CA63071FB4994E005EA065 /* Solution5.swift in Sources */,
				9927866C1FB2032E0065C3C0 /* Solution1.swift in Sources */,
				9927865A1FB2031B0065C3C0 /* AppDelegate.swift in Sources */,
				99DD05ED1FB20B70008AA910 /* Solution3.swift in Sources */,
				99B6AE9F1FB2FB9C00A65F89 /* Solution4.swift in Sources */,
				99DD05EB1FB2068D008AA910 /* Solution2.swift in Sources */,
				99861C081FB4A2800000E9F7 /* Solution7.swift in Sources */,
				99861C061FB49CD70000E9F7 /* Solution6.swift in Sources */,
			);
			runOnlyForDeploymentPostprocessing = 0;
		};
/* End PBXSourcesBuildPhase section */

/* Begin PBXVariantGroup section */
		992786621FB2031B0065C3C0 /* LaunchScreen.storyboard */ = {
			isa = PBXVariantGroup;
			children = (
				992786631FB2031B0065C3C0 /* Base */,
			);
			name = LaunchScreen.storyboard;
			sourceTree = "<group>";
		};
/* End PBXVariantGroup section */

/* Begin XCBuildConfiguration section */
		992786661FB2031B0065C3C0 /* Debug */ = {
			isa = XCBuildConfiguration;
			buildSettings = {
				ALWAYS_SEARCH_USER_PATHS = NO;
				CLANG_ANALYZER_NONNULL = YES;
				CLANG_ANALYZER_NUMBER_OBJECT_CONVERSION = YES_AGGRESSIVE;
				CLANG_CXX_LANGUAGE_STANDARD = "gnu++14";
				CLANG_CXX_LIBRARY = "libc++";
				CLANG_ENABLE_MODULES = YES;
				CLANG_ENABLE_OBJC_ARC = YES;
				CLANG_WARN_BLOCK_CAPTURE_AUTORELEASING = YES;
				CLANG_WARN_BOOL_CONVERSION = YES;
				CLANG_WARN_COMMA = YES;
				CLANG_WARN_CONSTANT_CONVERSION = YES;
				CLANG_WARN_DIRECT_OBJC_ISA_USAGE = YES_ERROR;
				CLANG_WARN_DOCUMENTATION_COMMENTS = YES;
				CLANG_WARN_EMPTY_BODY = YES;
				CLANG_WARN_ENUM_CONVERSION = YES;
				CLANG_WARN_INFINITE_RECURSION = YES;
				CLANG_WARN_INT_CONVERSION = YES;
				CLANG_WARN_NON_LITERAL_NULL_CONVERSION = YES;
				CLANG_WARN_OBJC_LITERAL_CONVERSION = YES;
				CLANG_WARN_OBJC_ROOT_CLASS = YES_ERROR;
				CLANG_WARN_RANGE_LOOP_ANALYSIS = YES;
				CLANG_WARN_STRICT_PROTOTYPES = YES;
				CLANG_WARN_SUSPICIOUS_MOVE = YES;
				CLANG_WARN_UNGUARDED_AVAILABILITY = YES_AGGRESSIVE;
				CLANG_WARN_UNREACHABLE_CODE = YES;
				CLANG_WARN__DUPLICATE_METHOD_MATCH = YES;
				CODE_SIGN_IDENTITY = "iPhone Developer";
				COPY_PHASE_STRIP = NO;
				DEBUG_INFORMATION_FORMAT = dwarf;
				ENABLE_STRICT_OBJC_MSGSEND = YES;
				ENABLE_TESTABILITY = YES;
				GCC_C_LANGUAGE_STANDARD = gnu11;
				GCC_DYNAMIC_NO_PIC = NO;
				GCC_NO_COMMON_BLOCKS = YES;
				GCC_OPTIMIZATION_LEVEL = 0;
				GCC_PREPROCESSOR_DEFINITIONS = (
					"DEBUG=1",
					"$(inherited)",
				);
				GCC_WARN_64_TO_32_BIT_CONVERSION = YES;
				GCC_WARN_ABOUT_RETURN_TYPE = YES_ERROR;
				GCC_WARN_UNDECLARED_SELECTOR = YES;
				GCC_WARN_UNINITIALIZED_AUTOS = YES_AGGRESSIVE;
				GCC_WARN_UNUSED_FUNCTION = YES;
				GCC_WARN_UNUSED_VARIABLE = YES;
				IPHONEOS_DEPLOYMENT_TARGET = 11.0;
				MTL_ENABLE_DEBUG_INFO = YES;
				ONLY_ACTIVE_ARCH = YES;
				SDKROOT = iphoneos;
				SWIFT_ACTIVE_COMPILATION_CONDITIONS = DEBUG;
				SWIFT_OPTIMIZATION_LEVEL = "-Onone";
			};
			name = Debug;
		};
		992786671FB2031B0065C3C0 /* Release */ = {
			isa = XCBuildConfiguration;
			buildSettings = {
				ALWAYS_SEARCH_USER_PATHS = NO;
				CLANG_ANALYZER_NONNULL = YES;
				CLANG_ANALYZER_NUMBER_OBJECT_CONVERSION = YES_AGGRESSIVE;
				CLANG_CXX_LANGUAGE_STANDARD = "gnu++14";
				CLANG_CXX_LIBRARY = "libc++";
				CLANG_ENABLE_MODULES = YES;
				CLANG_ENABLE_OBJC_ARC = YES;
				CLANG_WARN_BLOCK_CAPTURE_AUTORELEASING = YES;
				CLANG_WARN_BOOL_CONVERSION = YES;
				CLANG_WARN_COMMA = YES;
				CLANG_WARN_CONSTANT_CONVERSION = YES;
				CLANG_WARN_DIRECT_OBJC_ISA_USAGE = YES_ERROR;
				CLANG_WARN_DOCUMENTATION_COMMENTS = YES;
				CLANG_WARN_EMPTY_BODY = YES;
				CLANG_WARN_ENUM_CONVERSION = YES;
				CLANG_WARN_INFINITE_RECURSION = YES;
				CLANG_WARN_INT_CONVERSION = YES;
				CLANG_WARN_NON_LITERAL_NULL_CONVERSION = YES;
				CLANG_WARN_OBJC_LITERAL_CONVERSION = YES;
				CLANG_WARN_OBJC_ROOT_CLASS = YES_ERROR;
				CLANG_WARN_RANGE_LOOP_ANALYSIS = YES;
				CLANG_WARN_STRICT_PROTOTYPES = YES;
				CLANG_WARN_SUSPICIOUS_MOVE = YES;
				CLANG_WARN_UNGUARDED_AVAILABILITY = YES_AGGRESSIVE;
				CLANG_WARN_UNREACHABLE_CODE = YES;
				CLANG_WARN__DUPLICATE_METHOD_MATCH = YES;
				CODE_SIGN_IDENTITY = "iPhone Developer";
				COPY_PHASE_STRIP = NO;
				DEBUG_INFORMATION_FORMAT = "dwarf-with-dsym";
				ENABLE_NS_ASSERTIONS = NO;
				ENABLE_STRICT_OBJC_MSGSEND = YES;
				GCC_C_LANGUAGE_STANDARD = gnu11;
				GCC_NO_COMMON_BLOCKS = YES;
				GCC_WARN_64_TO_32_BIT_CONVERSION = YES;
				GCC_WARN_ABOUT_RETURN_TYPE = YES_ERROR;
				GCC_WARN_UNDECLARED_SELECTOR = YES;
				GCC_WARN_UNINITIALIZED_AUTOS = YES_AGGRESSIVE;
				GCC_WARN_UNUSED_FUNCTION = YES;
				GCC_WARN_UNUSED_VARIABLE = YES;
				IPHONEOS_DEPLOYMENT_TARGET = 11.0;
				MTL_ENABLE_DEBUG_INFO = NO;
				SDKROOT = iphoneos;
				SWIFT_OPTIMIZATION_LEVEL = "-Owholemodule";
				VALIDATE_PRODUCT = YES;
			};
			name = Release;
		};
		992786691FB2031B0065C3C0 /* Debug */ = {
			isa = XCBuildConfiguration;
			buildSettings = {
				ASSETCATALOG_COMPILER_APPICON_NAME = AppIcon;
				CODE_SIGN_STYLE = Automatic;
				INFOPLIST_FILE = ProjectEuler/Info.plist;
				LD_RUNPATH_SEARCH_PATHS = "$(inherited) @executable_path/Frameworks";
				PRODUCT_BUNDLE_IDENTIFIER = com.sachadso.ProjectEuler;
				PRODUCT_NAME = "$(TARGET_NAME)";
				SWIFT_VERSION = 4.0;
				TARGETED_DEVICE_FAMILY = "1,2";
			};
			name = Debug;
		};
		9927866A1FB2031B0065C3C0 /* Release */ = {
			isa = XCBuildConfiguration;
			buildSettings = {
				ASSETCATALOG_COMPILER_APPICON_NAME = AppIcon;
				CODE_SIGN_STYLE = Automatic;
				INFOPLIST_FILE = ProjectEuler/Info.plist;
				LD_RUNPATH_SEARCH_PATHS = "$(inherited) @executable_path/Frameworks";
				PRODUCT_BUNDLE_IDENTIFIER = com.sachadso.ProjectEuler;
				PRODUCT_NAME = "$(TARGET_NAME)";
				SWIFT_VERSION = 4.0;
				TARGETED_DEVICE_FAMILY = "1,2";
			};
			name = Release;
		};
/* End XCBuildConfiguration section */

/* Begin XCConfigurationList section */
		992786511FB2031B0065C3C0 /* Build configuration list for PBXProject "ProjectEuler" */ = {
			isa = XCConfigurationList;
			buildConfigurations = (
				992786661FB2031B0065C3C0 /* Debug */,
				992786671FB2031B0065C3C0 /* Release */,
			);
			defaultConfigurationIsVisible = 0;
			defaultConfigurationName = Release;
		};
		992786681FB2031B0065C3C0 /* Build configuration list for PBXNativeTarget "ProjectEuler" */ = {
			isa = XCConfigurationList;
			buildConfigurations = (
				992786691FB2031B0065C3C0 /* Debug */,
				9927866A1FB2031B0065C3C0 /* Release */,
			);
			defaultConfigurationIsVisible = 0;
			defaultConfigurationName = Release;
		};
/* End XCConfigurationList section */
	};
	rootObject = 9927864E1FB2031B0065C3C0 /* Project object */;
}
